
Microsoft Visual Studio Solution File, Format Version 12.00
# Visual Studio 15
VisualStudioVersion = 15.0.27004.2002
MinimumVisualStudioVersion = 10.0.40219.1
Project("{FAE04EC0-301F-11D3-BF4B-00C04F79EFBC}") = "CarShop", "CarShop\CarShop.csproj", "{FB7C6CE7-4017-49D0-B6FF-7D97E5BFC41F}"
EndProject
Global
	GlobalSection(SolutionConfigurationPlatforms) = preSolution
		Debug|Any CPU = Debug|Any CPU
		Release|Any CPU = Release|Any CPU
	EndGlobalSection
	GlobalSection(ProjectConfigurationPlatforms) = postSolution
		{FB7C6CE7-4017-49D0-B6FF-7D97E5BFC41F}.Debug|Any CPU.ActiveCfg = Debug|Any CPU
		{FB7C6CE7-4017-49D0-B6FF-7D97E5BFC41F}.Debug|Any CPU.Build.0 = Debug|Any CPU
		{FB7C6CE7-4017-49D0-B6FF-7D97E5BFC41F}.Release|Any CPU.ActiveCfg = Release|Any CPU
		{FB7C6CE7-4017-49D0-B6FF-7D97E5BFC41F}.Release|Any CPU.Build.0 = Release|Any CPU
	EndGlobalSection
	GlobalSection(SolutionProperties) = preSolution
		HideSolutionNode = FALSE
	EndGlobalSection
	GlobalSection(ExtensibilityGlobals) = postSolution
		SolutionGuid = {C4B01EBA-6F72-482B-9E0D-B3684AEC583D}
	EndGlobalSection
EndGlobal
